// !$*UTF8*$!
{
	archiveVersion = 1;
	classes = {
	};
	objectVersion = 77;
	objects = {

/* Begin PBXBuildFile section */
		06E0FEAB2EC8724000979439 /* Markdown in Frameworks */ = {isa = PBXBuildFile; productRef = 06E0FEAA2EC8724000979439 /* Markdown */; };
		06E0FED82EC8732800979439 /* MarkdownUI in Frameworks */ = {isa = PBXBuildFile; productRef = 06E0FED72EC8732800979439 /* MarkdownUI */; };
		ACA64FB82EC71F0C00AB53F3 /* WidgetKit.framework in Frameworks */ = {isa = PBXBuildFile; fileRef = ACA64FB72EC71F0C00AB53F3 /* WidgetKit.framework */; };
		ACA64FBA2EC71F0C00AB53F3 /* SwiftUI.framework in Frameworks */ = {isa = PBXBuildFile; fileRef = ACA64FB92EC71F0C00AB53F3 /* SwiftUI.framework */; };
		ACA64FCB2EC71F0D00AB53F3 /* LockscreenWidgetExtension.appex in Embed Foundation Extensions */ = {isa = PBXBuildFile; fileRef = ACA64FB52EC71F0C00AB53F3 /* LockscreenWidgetExtension.appex */; settings = {ATTRIBUTES = (RemoveHeadersOnCopy, ); }; };
/* End PBXBuildFile section */

/* Begin PBXContainerItemProxy section */
		ACA64FC92EC71F0D00AB53F3 /* PBXContainerItemProxy */ = {
			isa = PBXContainerItemProxy;
			containerPortal = 06E7EDD72EBB3DD400BD5A49 /* Project object */;
			proxyType = 1;
			remoteGlobalIDString = ACA64FB42EC71F0C00AB53F3;
			remoteInfo = LockscreenWidgetExtension;
		};
/* End PBXContainerItemProxy section */

/* Begin PBXCopyFilesBuildPhase section */
		ACA64FCC2EC71F0D00AB53F3 /* Embed Foundation Extensions */ = {
			isa = PBXCopyFilesBuildPhase;
			buildActionMask = 2147483647;
			dstPath = "";
			dstSubfolderSpec = 13;
			files = (
				ACA64FCB2EC71F0D00AB53F3 /* LockscreenWidgetExtension.appex in Embed Foundation Extensions */,
			);
			name = "Embed Foundation Extensions";
			runOnlyForDeploymentPostprocessing = 0;
		};
/* End PBXCopyFilesBuildPhase section */

/* Begin PBXFileReference section */
		06E7EDDF2EBB3DD400BD5A49 /* challenge3.app */ = {isa = PBXFileReference; explicitFileType = wrapper.application; includeInIndex = 0; path = challenge3.app; sourceTree = BUILT_PRODUCTS_DIR; };
		ACA64FB52EC71F0C00AB53F3 /* LockscreenWidgetExtension.appex */ = {isa = PBXFileReference; explicitFileType = "wrapper.app-extension"; includeInIndex = 0; path = LockscreenWidgetExtension.appex; sourceTree = BUILT_PRODUCTS_DIR; };
		ACA64FB72EC71F0C00AB53F3 /* WidgetKit.framework */ = {isa = PBXFileReference; lastKnownFileType = wrapper.framework; name = WidgetKit.framework; path = System/Library/Frameworks/WidgetKit.framework; sourceTree = SDKROOT; };
		ACA64FB92EC71F0C00AB53F3 /* SwiftUI.framework */ = {isa = PBXFileReference; lastKnownFileType = wrapper.framework; name = SwiftUI.framework; path = System/Library/Frameworks/SwiftUI.framework; sourceTree = SDKROOT; };
/* End PBXFileReference section */

/* Begin PBXFileSystemSynchronizedBuildFileExceptionSet section */
		ACA64FCF2EC71F0D00AB53F3 /* Exceptions for "LockscreenWidget" folder in "LockscreenWidgetExtension" target */ = {
			isa = PBXFileSystemSynchronizedBuildFileExceptionSet;
			membershipExceptions = (
				Info.plist,
			);
			target = ACA64FB42EC71F0C00AB53F3 /* LockscreenWidgetExtension */;
		};
/* End PBXFileSystemSynchronizedBuildFileExceptionSet section */

/* Begin PBXFileSystemSynchronizedRootGroup section */
		06E7EDE12EBB3DD400BD5A49 /* challenge3 */ = {
			isa = PBXFileSystemSynchronizedRootGroup;
			path = challenge3;
			sourceTree = "<group>";
		};
		ACA64FBB2EC71F0C00AB53F3 /* LockscreenWidget */ = {
			isa = PBXFileSystemSynchronizedRootGroup;
			exceptions = (
				ACA64FCF2EC71F0D00AB53F3 /* Exceptions for "LockscreenWidget" folder in "LockscreenWidgetExtension" target */,
			);
			path = LockscreenWidget;
			sourceTree = "<group>";
		};
/* End PBXFileSystemSynchronizedRootGroup section */

/* Begin PBXFrameworksBuildPhase section */
		06E7EDDC2EBB3DD400BD5A49 /* Frameworks */ = {
			isa = PBXFrameworksBuildPhase;
			buildActionMask = 2147483647;
			files = (
				06E0FEAB2EC8724000979439 /* Markdown in Frameworks */,
				06E0FED82EC8732800979439 /* MarkdownUI in Frameworks */,
			);
			runOnlyForDeploymentPostprocessing = 0;
		};
		ACA64FB22EC71F0C00AB53F3 /* Frameworks */ = {
			isa = PBXFrameworksBuildPhase;
			buildActionMask = 2147483647;
			files = (
				ACA64FBA2EC71F0C00AB53F3 /* SwiftUI.framework in Frameworks */,
				ACA64FB82EC71F0C00AB53F3 /* WidgetKit.framework in Frameworks */,
			);
			runOnlyForDeploymentPostprocessing = 0;
		};
/* End PBXFrameworksBuildPhase section */

/* Begin PBXGroup section */
		06E7EDD62EBB3DD400BD5A49 = {
			isa = PBXGroup;
			children = (
				06E7EDE12EBB3DD400BD5A49 /* challenge3 */,
				ACA64FBB2EC71F0C00AB53F3 /* LockscreenWidget */,
				ACA64FB62EC71F0C00AB53F3 /* Frameworks */,
				06E7EDE02EBB3DD400BD5A49 /* Products */,
			);
			sourceTree = "<group>";
		};
		06E7EDE02EBB3DD400BD5A49 /* Products */ = {
			isa = PBXGroup;
			children = (
				06E7EDDF2EBB3DD400BD5A49 /* challenge3.app */,
				ACA64FB52EC71F0C00AB53F3 /* LockscreenWidgetExtension.appex */,
			);
			name = Products;
			sourceTree = "<group>";
		};
		ACA64FB62EC71F0C00AB53F3 /* Frameworks */ = {
			isa = PBXGroup;
			children = (
				ACA64FB72EC71F0C00AB53F3 /* WidgetKit.framework */,
				ACA64FB92EC71F0C00AB53F3 /* SwiftUI.framework */,
			);
			name = Frameworks;
			sourceTree = "<group>";
		};
/* End PBXGroup section */

/* Begin PBXNativeTarget section */
		06E7EDDE2EBB3DD400BD5A49 /* challenge3 */ = {
			isa = PBXNativeTarget;
			buildConfigurationList = 06E7EDEA2EBB3DD500BD5A49 /* Build configuration list for PBXNativeTarget "challenge3" */;
			buildPhases = (
				06E7EDDB2EBB3DD400BD5A49 /* Sources */,
				06E7EDDC2EBB3DD400BD5A49 /* Frameworks */,
				06E7EDDD2EBB3DD400BD5A49 /* Resources */,
				ACA64FCC2EC71F0D00AB53F3 /* Embed Foundation Extensions */,
			);
			buildRules = (
			);
			dependencies = (
				ACA64FCA2EC71F0D00AB53F3 /* PBXTargetDependency */,
			);
			fileSystemSynchronizedGroups = (
				06E7EDE12EBB3DD400BD5A49 /* challenge3 */,
			);
			name = challenge3;
			packageProductDependencies = (
				06E0FEAA2EC8724000979439 /* Markdown */,
				06E0FED72EC8732800979439 /* MarkdownUI */,
			);
			productName = challenge3;
			productReference = 06E7EDDF2EBB3DD400BD5A49 /* challenge3.app */;
			productType = "com.apple.product-type.application";
		};
		ACA64FB42EC71F0C00AB53F3 /* LockscreenWidgetExtension */ = {
			isa = PBXNativeTarget;
			buildConfigurationList = ACA64FD02EC71F0D00AB53F3 /* Build configuration list for PBXNativeTarget "LockscreenWidgetExtension" */;
			buildPhases = (
				ACA64FB12EC71F0C00AB53F3 /* Sources */,
				ACA64FB22EC71F0C00AB53F3 /* Frameworks */,
				ACA64FB32EC71F0C00AB53F3 /* Resources */,
			);
			buildRules = (
			);
			dependencies = (
			);
			fileSystemSynchronizedGroups = (
				ACA64FBB2EC71F0C00AB53F3 /* LockscreenWidget */,
			);
			name = LockscreenWidgetExtension;
			packageProductDependencies = (
			);
			productName = LockscreenWidgetExtension;
			productReference = ACA64FB52EC71F0C00AB53F3 /* LockscreenWidgetExtension.appex */;
			productType = "com.apple.product-type.app-extension";
		};
/* End PBXNativeTarget section */

/* Begin PBXProject section */
		06E7EDD72EBB3DD400BD5A49 /* Project object */ = {
			isa = PBXProject;
			attributes = {
				BuildIndependentTargetsInParallel = 1;
				LastSwiftUpdateCheck = 2610;
				LastUpgradeCheck = 2610;
				TargetAttributes = {
					06E7EDDE2EBB3DD400BD5A49 = {
						CreatedOnToolsVersion = 26.1;
					};
					ACA64FB42EC71F0C00AB53F3 = {
						CreatedOnToolsVersion = 26.1.1;
					};
				};
			};
			buildConfigurationList = 06E7EDDA2EBB3DD400BD5A49 /* Build configuration list for PBXProject "challenge3" */;
			developmentRegion = en;
			hasScannedForEncodings = 0;
			knownRegions = (
				en,
				Base,
			);
			mainGroup = 06E7EDD62EBB3DD400BD5A49;
			minimizedProjectReferenceProxies = 1;
			packageReferences = (
				06E0FEA92EC8724000979439 /* XCRemoteSwiftPackageReference "swiftui-markdown" */,
				06E0FED62EC872FF00979439 /* XCRemoteSwiftPackageReference "MarkdownUI" */,
			);
			preferredProjectObjectVersion = 77;
			productRefGroup = 06E7EDE02EBB3DD400BD5A49 /* Products */;
			projectDirPath = "";
			projectRoot = "";
			targets = (
				06E7EDDE2EBB3DD400BD5A49 /* challenge3 */,
				ACA64FB42EC71F0C00AB53F3 /* LockscreenWidgetExtension */,
			);
		};
/* End PBXProject section */

/* Begin PBXResourcesBuildPhase section */
		06E7EDDD2EBB3DD400BD5A49 /* Resources */ = {
			isa = PBXResourcesBuildPhase;
			buildActionMask = 2147483647;
			files = (
			);
			runOnlyForDeploymentPostprocessing = 0;
		};
		ACA64FB32EC71F0C00AB53F3 /* Resources */ = {
			isa = PBXResourcesBuildPhase;
			buildActionMask = 2147483647;
			files = (
			);
			runOnlyForDeploymentPostprocessing = 0;
		};
/* End PBXResourcesBuildPhase section */

/* Begin PBXSourcesBuildPhase section */
		06E7EDDB2EBB3DD400BD5A49 /* Sources */ = {
			isa = PBXSourcesBuildPhase;
			buildActionMask = 2147483647;
			files = (
			);
			runOnlyForDeploymentPostprocessing = 0;
		};
		ACA64FB12EC71F0C00AB53F3 /* Sources */ = {
			isa = PBXSourcesBuildPhase;
			buildActionMask = 2147483647;
			files = (
			);
			runOnlyForDeploymentPostprocessing = 0;
		};
/* End PBXSourcesBuildPhase section */

/* Begin PBXTargetDependency section */
		ACA64FCA2EC71F0D00AB53F3 /* PBXTargetDependency */ = {
			isa = PBXTargetDependency;
			target = ACA64FB42EC71F0C00AB53F3 /* LockscreenWidgetExtension */;
			targetProxy = ACA64FC92EC71F0D00AB53F3 /* PBXContainerItemProxy */;
		};
/* End PBXTargetDependency section */

/* Begin XCBuildConfiguration section */
		06E7EDE82EBB3DD500BD5A49 /* Debug */ = {
			isa = XCBuildConfiguration;
			buildSettings = {
				ALWAYS_SEARCH_USER_PATHS = NO;
				ASSETCATALOG_COMPILER_GENERATE_SWIFT_ASSET_SYMBOL_EXTENSIONS = YES;
				CLANG_ANALYZER_NONNULL = YES;
				CLANG_ANALYZER_NUMBER_OBJECT_CONVERSION = YES_AGGRESSIVE;
				CLANG_CXX_LANGUAGE_STANDARD = "gnu++20";
				CLANG_ENABLE_MODULES = YES;
				CLANG_ENABLE_OBJC_ARC = YES;
				CLANG_ENABLE_OBJC_WEAK = YES;
				CLANG_WARN_BLOCK_CAPTURE_AUTORELEASING = YES;
				CLANG_WARN_BOOL_CONVERSION = YES;
				CLANG_WARN_COMMA = YES;
				CLANG_WARN_CONSTANT_CONVERSION = YES;
				CLANG_WARN_DEPRECATED_OBJC_IMPLEMENTATIONS = YES;
				CLANG_WARN_DIRECT_OBJC_ISA_USAGE = YES_ERROR;
				CLANG_WARN_DOCUMENTATION_COMMENTS = YES;
				CLANG_WARN_EMPTY_BODY = YES;
				CLANG_WARN_ENUM_CONVERSION = YES;
				CLANG_WARN_INFINITE_RECURSION = YES;
				CLANG_WARN_INT_CONVERSION = YES;
				CLANG_WARN_NON_LITERAL_NULL_CONVERSION = YES;
				CLANG_WARN_OBJC_IMPLICIT_RETAIN_SELF = YES;
				CLANG_WARN_OBJC_LITERAL_CONVERSION = YES;
				CLANG_WARN_OBJC_ROOT_CLASS = YES_ERROR;
				CLANG_WARN_QUOTED_INCLUDE_IN_FRAMEWORK_HEADER = YES;
				CLANG_WARN_RANGE_LOOP_ANALYSIS = YES;
				CLANG_WARN_STRICT_PROTOTYPES = YES;
				CLANG_WARN_SUSPICIOUS_MOVE = YES;
				CLANG_WARN_UNGUARDED_AVAILABILITY = YES_AGGRESSIVE;
				CLANG_WARN_UNREACHABLE_CODE = YES;
				CLANG_WARN__DUPLICATE_METHOD_MATCH = YES;
				COPY_PHASE_STRIP = NO;
				DEBUG_INFORMATION_FORMAT = dwarf;
				DEVELOPMENT_TEAM = WM9DF32U97;
				ENABLE_STRICT_OBJC_MSGSEND = YES;
				ENABLE_TESTABILITY = YES;
				ENABLE_USER_SCRIPT_SANDBOXING = YES;
				GCC_C_LANGUAGE_STANDARD = gnu17;
				GCC_DYNAMIC_NO_PIC = NO;
				GCC_NO_COMMON_BLOCKS = YES;
				GCC_OPTIMIZATION_LEVEL = 0;
				GCC_PREPROCESSOR_DEFINITIONS = (
					"DEBUG=1",
					"$(inherited)",
				);
				GCC_WARN_64_TO_32_BIT_CONVERSION = YES;
				GCC_WARN_ABOUT_RETURN_TYPE = YES_ERROR;
				GCC_WARN_UNDECLARED_SELECTOR = YES;
				GCC_WARN_UNINITIALIZED_AUTOS = YES_AGGRESSIVE;
				GCC_WARN_UNUSED_FUNCTION = YES;
				GCC_WARN_UNUSED_VARIABLE = YES;
				IPHONEOS_DEPLOYMENT_TARGET = 26.1;
				LOCALIZATION_PREFERS_STRING_CATALOGS = YES;
				MTL_ENABLE_DEBUG_INFO = INCLUDE_SOURCE;
				MTL_FAST_MATH = YES;
				ONLY_ACTIVE_ARCH = YES;
				SDKROOT = iphoneos;
				SWIFT_ACTIVE_COMPILATION_CONDITIONS = "DEBUG $(inherited)";
				SWIFT_OPTIMIZATION_LEVEL = "-Onone";
			};
			name = Debug;
		};
		06E7EDE92EBB3DD500BD5A49 /* Release */ = {
			isa = XCBuildConfiguration;
			buildSettings = {
				ALWAYS_SEARCH_USER_PATHS = NO;
				ASSETCATALOG_COMPILER_GENERATE_SWIFT_ASSET_SYMBOL_EXTENSIONS = YES;
				CLANG_ANALYZER_NONNULL = YES;
				CLANG_ANALYZER_NUMBER_OBJECT_CONVERSION = YES_AGGRESSIVE;
				CLANG_CXX_LANGUAGE_STANDARD = "gnu++20";
				CLANG_ENABLE_MODULES = YES;
				CLANG_ENABLE_OBJC_ARC = YES;
				CLANG_ENABLE_OBJC_WEAK = YES;
				CLANG_WARN_BLOCK_CAPTURE_AUTORELEASING = YES;
				CLANG_WARN_BOOL_CONVERSION = YES;
				CLANG_WARN_COMMA = YES;
				CLANG_WARN_CONSTANT_CONVERSION = YES;
				CLANG_WARN_DEPRECATED_OBJC_IMPLEMENTATIONS = YES;
				CLANG_WARN_DIRECT_OBJC_ISA_USAGE = YES_ERROR;
				CLANG_WARN_DOCUMENTATION_COMMENTS = YES;
				CLANG_WARN_EMPTY_BODY = YES;
				CLANG_WARN_ENUM_CONVERSION = YES;
				CLANG_WARN_INFINITE_RECURSION = YES;
				CLANG_WARN_INT_CONVERSION = YES;
				CLANG_WARN_NON_LITERAL_NULL_CONVERSION = YES;
				CLANG_WARN_OBJC_IMPLICIT_RETAIN_SELF = YES;
				CLANG_WARN_OBJC_LITERAL_CONVERSION = YES;
				CLANG_WARN_OBJC_ROOT_CLASS = YES_ERROR;
				CLANG_WARN_QUOTED_INCLUDE_IN_FRAMEWORK_HEADER = YES;
				CLANG_WARN_RANGE_LOOP_ANALYSIS = YES;
				CLANG_WARN_STRICT_PROTOTYPES = YES;
				CLANG_WARN_SUSPICIOUS_MOVE = YES;
				CLANG_WARN_UNGUARDED_AVAILABILITY = YES_AGGRESSIVE;
				CLANG_WARN_UNREACHABLE_CODE = YES;
				CLANG_WARN__DUPLICATE_METHOD_MATCH = YES;
				COPY_PHASE_STRIP = NO;
				DEBUG_INFORMATION_FORMAT = "dwarf-with-dsym";
				DEVELOPMENT_TEAM = WM9DF32U97;
				ENABLE_NS_ASSERTIONS = NO;
				ENABLE_STRICT_OBJC_MSGSEND = YES;
				ENABLE_USER_SCRIPT_SANDBOXING = YES;
				GCC_C_LANGUAGE_STANDARD = gnu17;
				GCC_NO_COMMON_BLOCKS = YES;
				GCC_WARN_64_TO_32_BIT_CONVERSION = YES;
				GCC_WARN_ABOUT_RETURN_TYPE = YES_ERROR;
				GCC_WARN_UNDECLARED_SELECTOR = YES;
				GCC_WARN_UNINITIALIZED_AUTOS = YES_AGGRESSIVE;
				GCC_WARN_UNUSED_FUNCTION = YES;
				GCC_WARN_UNUSED_VARIABLE = YES;
				IPHONEOS_DEPLOYMENT_TARGET = 26.1;
				LOCALIZATION_PREFERS_STRING_CATALOGS = YES;
				MTL_ENABLE_DEBUG_INFO = NO;
				MTL_FAST_MATH = YES;
				SDKROOT = iphoneos;
				SWIFT_COMPILATION_MODE = wholemodule;
				VALIDATE_PRODUCT = YES;
			};
			name = Release;
		};
		06E7EDEB2EBB3DD500BD5A49 /* Debug */ = {
			isa = XCBuildConfiguration;
			buildSettings = {
				ASSETCATALOG_COMPILER_APPICON_NAME = moneymapr;
				ASSETCATALOG_COMPILER_GLOBAL_ACCENT_COLOR_NAME = AccentColor;
				CODE_SIGN_STYLE = Automatic;
				CURRENT_PROJECT_VERSION = 1;
				DEVELOPMENT_TEAM = WM9DF32U97;
				ENABLE_PREVIEWS = YES;
				GENERATE_INFOPLIST_FILE = YES;
				INFOPLIST_KEY_CFBundleDisplayName = "Money Mapr";
				INFOPLIST_KEY_UIApplicationSceneManifest_Generation = YES;
				INFOPLIST_KEY_UIApplicationSupportsIndirectInputEvents = YES;
				INFOPLIST_KEY_UILaunchScreen_Generation = YES;
				INFOPLIST_KEY_UISupportedInterfaceOrientations_iPad = "UIInterfaceOrientationPortrait UIInterfaceOrientationPortraitUpsideDown UIInterfaceOrientationLandscapeLeft UIInterfaceOrientationLandscapeRight";
				INFOPLIST_KEY_UISupportedInterfaceOrientations_iPhone = "UIInterfaceOrientationPortrait UIInterfaceOrientationLandscapeLeft UIInterfaceOrientationLandscapeRight";
				LD_RUNPATH_SEARCH_PATHS = (
					"$(inherited)",
					"@executable_path/Frameworks",
				);
				MARKETING_VERSION = 1.0;
				PRODUCT_BUNDLE_IDENTIFIER = bytegenius.challenge;
				PRODUCT_NAME = "$(TARGET_NAME)";
				STRING_CATALOG_GENERATE_SYMBOLS = YES;
				SUPPORTED_PLATFORMS = "iphoneos iphonesimulator";
				SUPPORTS_MACCATALYST = NO;
				SUPPORTS_MAC_DESIGNED_FOR_IPHONE_IPAD = NO;
				SUPPORTS_XR_DESIGNED_FOR_IPHONE_IPAD = NO;
				SWIFT_APPROACHABLE_CONCURRENCY = YES;
				SWIFT_DEFAULT_ACTOR_ISOLATION = MainActor;
				SWIFT_EMIT_LOC_STRINGS = YES;
				SWIFT_UPCOMING_FEATURE_MEMBER_IMPORT_VISIBILITY = YES;
				SWIFT_VERSION = 5.0;
				TARGETED_DEVICE_FAMILY = 1;
			};
			name = Debug;
		};
		06E7EDEC2EBB3DD500BD5A49 /* Release */ = {
			isa = XCBuildConfiguration;
			buildSettings = {
				ASSETCATALOG_COMPILER_APPICON_NAME = moneymapr;
				ASSETCATALOG_COMPILER_GLOBAL_ACCENT_COLOR_NAME = AccentColor;
				CODE_SIGN_STYLE = Automatic;
				CURRENT_PROJECT_VERSION = 1;
				DEVELOPMENT_TEAM = WM9DF32U97;
				ENABLE_PREVIEWS = YES;
				GENERATE_INFOPLIST_FILE = YES;
				INFOPLIST_KEY_CFBundleDisplayName = "Money Mapr";
				INFOPLIST_KEY_UIApplicationSceneManifest_Generation = YES;
				INFOPLIST_KEY_UIApplicationSupportsIndirectInputEvents = YES;
				INFOPLIST_KEY_UILaunchScreen_Generation = YES;
				INFOPLIST_KEY_UISupportedInterfaceOrientations_iPad = "UIInterfaceOrientationPortrait UIInterfaceOrientationPortraitUpsideDown UIInterfaceOrientationLandscapeLeft UIInterfaceOrientationLandscapeRight";
				INFOPLIST_KEY_UISupportedInterfaceOrientations_iPhone = "UIInterfaceOrientationPortrait UIInterfaceOrientationLandscapeLeft UIInterfaceOrientationLandscapeRight";
				LD_RUNPATH_SEARCH_PATHS = (
					"$(inherited)",
					"@executable_path/Frameworks",
				);
				MARKETING_VERSION = 1.0;
				PRODUCT_BUNDLE_IDENTIFIER = bytegenius.challenge;
				PRODUCT_NAME = "$(TARGET_NAME)";
				STRING_CATALOG_GENERATE_SYMBOLS = YES;
				SUPPORTED_PLATFORMS = "iphoneos iphonesimulator";
				SUPPORTS_MACCATALYST = NO;
				SUPPORTS_MAC_DESIGNED_FOR_IPHONE_IPAD = NO;
				SUPPORTS_XR_DESIGNED_FOR_IPHONE_IPAD = NO;
				SWIFT_APPROACHABLE_CONCURRENCY = YES;
				SWIFT_DEFAULT_ACTOR_ISOLATION = MainActor;
				SWIFT_EMIT_LOC_STRINGS = YES;
				SWIFT_UPCOMING_FEATURE_MEMBER_IMPORT_VISIBILITY = YES;
				SWIFT_VERSION = 5.0;
				TARGETED_DEVICE_FAMILY = 1;
			};
			name = Release;
		};
		ACA64FCD2EC71F0D00AB53F3 /* Debug */ = {
			isa = XCBuildConfiguration;
			buildSettings = {
				ASSETCATALOG_COMPILER_GLOBAL_ACCENT_COLOR_NAME = AccentColor;
				ASSETCATALOG_COMPILER_WIDGET_BACKGROUND_COLOR_NAME = WidgetBackground;
				CODE_SIGN_STYLE = Automatic;
				CURRENT_PROJECT_VERSION = 1;
				DEVELOPMENT_TEAM = WM9DF32U97;
				GENERATE_INFOPLIST_FILE = YES;
				INFOPLIST_FILE = LockscreenWidget/Info.plist;
				INFOPLIST_KEY_CFBundleDisplayName = LockscreenWidget;
				INFOPLIST_KEY_NSHumanReadableCopyright = "";
				LD_RUNPATH_SEARCH_PATHS = (
					"$(inherited)",
					"@executable_path/Frameworks",
					"@executable_path/../../Frameworks",
				);
				MARKETING_VERSION = 1.0;
				PRODUCT_BUNDLE_IDENTIFIER = bytegenius.challenge.LockscreenWidget;
				PRODUCT_NAME = "$(TARGET_NAME)";
				SKIP_INSTALL = YES;
				STRING_CATALOG_GENERATE_SYMBOLS = YES;
				SWIFT_APPROACHABLE_CONCURRENCY = YES;
				SWIFT_EMIT_LOC_STRINGS = YES;
				SWIFT_UPCOMING_FEATURE_MEMBER_IMPORT_VISIBILITY = YES;
				SWIFT_VERSION = 5.0;
				TARGETED_DEVICE_FAMILY = "1,2";
			};
			name = Debug;
		};
		ACA64FCE2EC71F0D00AB53F3 /* Release */ = {
			isa = XCBuildConfiguration;
			buildSettings = {
				ASSETCATALOG_COMPILER_GLOBAL_ACCENT_COLOR_NAME = AccentColor;
				ASSETCATALOG_COMPILER_WIDGET_BACKGROUND_COLOR_NAME = WidgetBackground;
				CODE_SIGN_STYLE = Automatic;
				CURRENT_PROJECT_VERSION = 1;
				DEVELOPMENT_TEAM = WM9DF32U97;
				GENERATE_INFOPLIST_FILE = YES;
				INFOPLIST_FILE = LockscreenWidget/Info.plist;
				INFOPLIST_KEY_CFBundleDisplayName = LockscreenWidget;
				INFOPLIST_KEY_NSHumanReadableCopyright = "";
				LD_RUNPATH_SEARCH_PATHS = (
					"$(inherited)",
					"@executable_path/Frameworks",
					"@executable_path/../../Frameworks",
				);
				MARKETING_VERSION = 1.0;
				PRODUCT_BUNDLE_IDENTIFIER = bytegenius.challenge.LockscreenWidget;
				PRODUCT_NAME = "$(TARGET_NAME)";
				SKIP_INSTALL = YES;
				STRING_CATALOG_GENERATE_SYMBOLS = YES;
				SWIFT_APPROACHABLE_CONCURRENCY = YES;
				SWIFT_EMIT_LOC_STRINGS = YES;
				SWIFT_UPCOMING_FEATURE_MEMBER_IMPORT_VISIBILITY = YES;
				SWIFT_VERSION = 5.0;
				TARGETED_DEVICE_FAMILY = "1,2";
			};
			name = Release;
		};
/* End XCBuildConfiguration section */

/* Begin XCConfigurationList section */
		06E7EDDA2EBB3DD400BD5A49 /* Build configuration list for PBXProject "challenge3" */ = {
			isa = XCConfigurationList;
			buildConfigurations = (
				06E7EDE82EBB3DD500BD5A49 /* Debug */,
				06E7EDE92EBB3DD500BD5A49 /* Release */,
			);
			defaultConfigurationIsVisible = 0;
			defaultConfigurationName = Release;
		};
		06E7EDEA2EBB3DD500BD5A49 /* Build configuration list for PBXNativeTarget "challenge3" */ = {
			isa = XCConfigurationList;
			buildConfigurations = (
				06E7EDEB2EBB3DD500BD5A49 /* Debug */,
				06E7EDEC2EBB3DD500BD5A49 /* Release */,
			);
			defaultConfigurationIsVisible = 0;
			defaultConfigurationName = Release;
		};
		ACA64FD02EC71F0D00AB53F3 /* Build configuration list for PBXNativeTarget "LockscreenWidgetExtension" */ = {
			isa = XCConfigurationList;
			buildConfigurations = (
				ACA64FCD2EC71F0D00AB53F3 /* Debug */,
				ACA64FCE2EC71F0D00AB53F3 /* Release */,
			);
			defaultConfigurationIsVisible = 0;
			defaultConfigurationName = Release;
		};
/* End XCConfigurationList section */

/* Begin XCRemoteSwiftPackageReference section */
		06E0FEA92EC8724000979439 /* XCRemoteSwiftPackageReference "swiftui-markdown" */ = {
			isa = XCRemoteSwiftPackageReference;
			repositoryURL = "https://github.com/jaywcjlove/swiftui-markdown";
			requirement = {
				branch = main;
				kind = branch;
			};
		};
		06E0FED62EC872FF00979439 /* XCRemoteSwiftPackageReference "MarkdownUI" */ = {
			isa = XCRemoteSwiftPackageReference;
			repositoryURL = "https://github.com/gonzalezreal/MarkdownUI/";
			requirement = {
				kind = upToNextMajorVersion;
				minimumVersion = 2.4.1;
			};
		};
/* End XCRemoteSwiftPackageReference section */

/* Begin XCSwiftPackageProductDependency section */
		06E0FEAA2EC8724000979439 /* Markdown */ = {
			isa = XCSwiftPackageProductDependency;
			package = 06E0FEA92EC8724000979439 /* XCRemoteSwiftPackageReference "swiftui-markdown" */;
			productName = Markdown;
		};
		06E0FED72EC8732800979439 /* MarkdownUI */ = {
			isa = XCSwiftPackageProductDependency;
			package = 06E0FED62EC872FF00979439 /* XCRemoteSwiftPackageReference "MarkdownUI" */;
			productName = MarkdownUI;
		};
/* End XCSwiftPackageProductDependency section */
	};
	rootObject = 06E7EDD72EBB3DD400BD5A49 /* Project object */;
}
